{
  "R": {
    "Version": "4.6.0",
    "Repositories": [
      {
        "Name": "PPM",
        "URL": "https://packagemanager.posit.co/cran/latest"
      }
    ]
  },
  "Packages": {
    "DBI": {
      "Package": "DBI",
      "Version": "1.3.0",
      "Source": "Repository",
      "Repository": "PPM"
    },
    "R6": {
      "Package": "R6",
      "Version": "2.6.1",
      "Source": "Repository",
      "Repository": "PPM"
    },
    "Rcpp": {
      "Package": "Rcpp",
      "Version": "1.1.2",
      "Source": "Repository",
      "Repository": "PPM"
    },
    "RcppTOML": {
      "Package": "RcppTOML",
      "Version": "0.2.3",
      "Source": "Repository",
      "Repository": "PPM",
      "Requirements": [
        "Rcpp"
      ]
    },
    "askpass": {
      "Package": "askpass",
      "Version": "1.2.1",
      "Source": "Repository",
      "Repository": "PPM",
      "Requirements": [
        "sys"
      ]
    },
    "base64enc": {
      "Package": "base64enc",
      "Version": "0.1-6",
      "Source": "Repository",
      "Repository": "PPM"
    },
    "bit": {
      "Package": "bit",
      "Version": "4.6.0",
      "Source": "Repository",
      "Repository": "PPM"
    },
    "bit64": {
      "Package": "bit64",
      "Version": "4.8.6",
      "Source": "Repository",
      "Repository": "PPM",
      "Requirements": [
        "bit"
      ]
    },
    "blob": {
      "Package": "blob",
      "Version": "1.3.0",
      "Source": "Repository",
      "Repository": "PPM",
      "Requirements": [
        "rlang",
        "vctrs"
      ]
    },
    "brio": {
      "Package": "brio",
      "Version": "1.1.5",
      "Source": "Repository",
      "Repository": "PPM"
    },
    "bslib": {
      "Package": "bslib",
      "Version": "0.12.0",
      "Source": "Repository",
      "Repository": "PPM",
      "Requirements": [
        "base64enc",
        "cachem",
        "fastmap",
        "htmltools",
        "jquerylib",
        "jsonlite",
        "lifecycle",
        "memoise",
        "mime",
        "rlang",
        "sass"
      ]
    },
    "cachem": {
      "Package": "cachem",
      "Version": "1.1.0",
      "Source": "Repository",
      "Repository": "PPM",
      "Requirements": [
        "rlang",
        "fastmap"
      ]
    },
    "callr": {
      "Package": "callr",
      "Version": "3.8.0",
      "Source": "Repository",
      "Repository": "PPM",
      "Requirements": [
        "otel",
        "processx",
        "R6"
      ]
    },
    "cli": {
      "Package": "cli",
      "Version": "3.6.6",
      "Source": "Repository",
      "Repository": "PPM"
    },
    "clipr": {
      "Package": "clipr",
      "Version": "0.8.1",
      "Source": "Repository",
      "Repository": "PPM"
    },
    "commonmark": {
      "Package": "commonmark",
      "Version": "2.0.0",
      "Source": "Repository",
      "Repository": "PPM"
    },
    "cpp11": {
      "Package": "cpp11",
      "Version": "0.5.5",
      "Source": "Repository",
      "Repository": "PPM"
    },
    "crayon": {
      "Package": "crayon",
      "Version": "1.5.3",
      "Source": "Repository",
      "Repository": "PPM"
    },
    "curl": {
      "Package": "curl",
      "Version": "8.0.0",
      "Source": "Repository",
      "Repository": "PPM"
    },
    "dbplyr": {
      "Package": "dbplyr",
      "Version": "2.6.0",
      "Source": "Repository",
      "Repository": "PPM",
      "Requirements": [
        "blob",
        "cli",
        "DBI",
        "dplyr",
        "glue",
        "lifecycle",
        "magrittr",
        "pillar",
        "purrr",
        "R6",
        "rlang",
        "tibble",
        "tidyr",
        "tidyselect",
        "vctrs",
        "withr"
      ]
    },
    "desc": {
      "Package": "desc",
      "Version": "1.4.3",
      "Source": "Repository",
      "Repository": "PPM",
      "Requirements": [
        "cli",
        "R6"
      ]
    },
    "diffobj": {
      "Package": "diffobj",
      "Version": "0.3.9",
      "Source": "Repository",
      "Repository": "PPM",
      "Requirements": [
        "crayon"
      ]
    },
    "digest": {
      "Package": "digest",
      "Version": "0.6.39",
      "Source": "Repository",
      "Repository": "PPM"
    },
    "dplyr": {
      "Package": "dplyr",
      "Version": "1.2.1",
      "Source": "Repository",
      "Repository": "PPM",
      "Requirements": [
        "cli",
        "generics",
        "glue",
        "lifecycle",
        "magrittr",
        "pillar",
        "R6",
        "rlang",
        "tibble",
        "tidyselect",
        "vctrs"
      ]
    },
    "duckdb": {
      "Package": "duckdb",
      "Version": "1.5.6",
      "Source": "Repository",
      "Repository": "PPM",
      "Requirements": [
        "DBI"
      ]
    },
    "evaluate": {
      "Package": "evaluate",
      "Version": "1.0.5",
      "Source": "Repository",
      "Repository": "PPM"
    },
    "fastmap": {
      "Package": "fastmap",
      "Version": "1.2.0",
      "Source": "Repository",
      "Repository": "PPM"
    },
    "fontawesome": {
      "Package": "fontawesome",
      "Version": "0.5.3",
      "Source": "Repository",
      "Repository": "PPM",
      "Requirements": [
        "rlang",
        "htmltools"
      ]
    },
    "fs": {
      "Package": "fs",
      "Version": "2.1.0",
      "Source": "Repository",
      "Repository": "PPM"
    },
    "generics": {
      "Package": "generics",
      "Version": "0.1.4",
      "Source": "Repository",
      "Repository": "PPM"
    },
    "glue": {
      "Package": "glue",
      "Version": "1.8.1",
      "Source": "Repository",
      "Repository": "PPM"
    },
    "hms": {
      "Package": "hms",
      "Version": "1.1.4",
      "Source": "Repository",
      "Repository": "PPM",
      "Requirements": [
        "cli",
        "lifecycle",
        "pkgconfig",
        "rlang",
        "vctrs"
      ]
    },
    "htmltools": {
      "Package": "htmltools",
      "Version": "0.5.9",
      "Source": "Repository",
      "Repository": "PPM",
      "Requirements": [
        "base64enc",
        "digest",
        "fastmap",
        "rlang"
      ]
    },
    "httpuv": {
      "Package": "httpuv",
      "Version": "1.6.17",
      "Source": "Repository",
      "Repository": "PPM",
      "Requirements": [
        "later",
        "promises",
        "R6",
        "Rcpp"
      ]
    },
    "httr2": {
      "Package": "httr2",
      "Version": "1.3.0",
      "Source": "Repository",
      "Repository": "PPM",
      "Requirements": [
        "cli",
        "curl",
        "glue",
        "lifecycle",
        "magrittr",
        "openssl",
        "R6",
        "rlang",
        "vctrs",
        "withr"
      ]
    },
    "jose": {
      "Package": "jose",
      "Version": "2.0.0",
      "Source": "Repository",
      "Repository": "PPM",
      "Requirements": [
        "openssl",
        "jsonlite"
      ]
    },
    "jquerylib": {
      "Package": "jquerylib",
      "Version": "0.1.4",
      "Source": "Repository",
      "Repository": "PPM",
      "Requirements": [
        "htmltools"
      ]
    },
    "jsonlite": {
      "Package": "jsonlite",
      "Version": "2.0.0",
      "Source": "Repository",
      "Repository": "PPM"
    },
    "later": {
      "Package": "later",
      "Version": "1.4.8",
      "Source": "Repository",
      "Repository": "PPM",
      "Requirements": [
        "Rcpp",
        "rlang"
      ]
    },
    "lifecycle": {
      "Package": "lifecycle",
      "Version": "1.0.5",
      "Source": "Repository",
      "Repository": "PPM",
      "Requirements": [
        "cli",
        "rlang"
      ]
    },
    "lubridate": {
      "Package": "lubridate",
      "Version": "1.9.5",
      "Source": "Repository",
      "Repository": "PPM",
      "Requirements": [
        "generics",
        "timechange"
      ]
    },
    "magrittr": {
      "Package": "magrittr",
      "Version": "2.0.5",
      "Source": "Repository",
      "Repository": "PPM"
    },
    "memoise": {
      "Package": "memoise",
      "Version": "2.0.1",
      "Source": "Repository",
      "Repository": "PPM",
      "Requirements": [
        "rlang",
        "cachem"
      ]
    },
    "mime": {
      "Package": "mime",
      "Version": "0.13",
      "Source": "Repository",
      "Repository": "PPM"
    },
    "openssl": {
      "Package": "openssl",
      "Version": "2.4.2",
      "Source": "Repository",
      "Repository": "PPM",
      "Requirements": [
        "askpass"
      ]
    },
    "otel": {
      "Package": "otel",
      "Version": "0.2.0",
      "Source": "Repository",
      "Repository": "PPM"
    },
    "packrat": {
      "Package": "packrat",
      "Version": "0.9.3",
      "Source": "Repository",
      "Repository": "PPM"
    },
    "pillar": {
      "Package": "pillar",
      "Version": "1.11.1",
      "Source": "Repository",
      "Repository": "PPM",
      "Requirements": [
        "cli",
        "glue",
        "lifecycle",
        "rlang",
        "utf8",
        "vctrs"
      ]
    },
    "pkgbuild": {
      "Package": "pkgbuild",
      "Version": "1.4.8",
      "Source": "Repository",
      "Repository": "PPM",
      "Requirements": [
        "callr",
        "cli",
        "desc",
        "processx",
        "R6"
      ]
    },
    "pkgconfig": {
      "Package": "pkgconfig",
      "Version": "2.0.3",
      "Source": "Repository",
      "Repository": "PPM"
    },
    "pkgload": {
      "Package": "pkgload",
      "Version": "1.5.3",
      "Source": "Repository",
      "Repository": "PPM",
      "Requirements": [
        "cli",
        "desc",
        "fs",
        "glue",
        "lifecycle",
        "pkgbuild",
        "processx",
        "rlang",
        "rprojroot"
      ]
    },
    "praise": {
      "Package": "praise",
      "Version": "1.0.0",
      "Source": "Repository",
      "Repository": "PPM"
    },
    "prettyunits": {
      "Package": "prettyunits",
      "Version": "1.2.0",
      "Source": "Repository",
      "Repository": "PPM"
    },
    "processx": {
      "Package": "processx",
      "Version": "3.9.0",
      "Source": "Repository",
      "Repository": "PPM",
      "Requirements": [
        "ps",
        "R6"
      ]
    },
    "progress": {
      "Package": "progress",
      "Version": "1.2.3",
      "Source": "Repository",
      "Repository": "PPM",
      "Requirements": [
        "crayon",
        "hms",
        "prettyunits",
        "R6"
      ]
    },
    "promises": {
      "Package": "promises",
      "Version": "1.5.0",
      "Source": "Repository",
      "Repository": "PPM",
      "Requirements": [
        "fastmap",
        "later",
        "lifecycle",
        "magrittr",
        "otel",
        "R6",
        "rlang"
      ]
    },
    "ps": {
      "Package": "ps",
      "Version": "1.9.3",
      "Source": "Repository",
      "Repository": "PPM"
    },
    "purrr": {
      "Package": "purrr",
      "Version": "1.2.2",
      "Source": "Repository",
      "Repository": "PPM",
      "Requirements": [
        "cli",
        "lifecycle",
        "magrittr",
        "rlang",
        "vctrs"
      ]
    },
    "rappdirs": {
      "Package": "rappdirs",
      "Version": "0.3.4",
      "Source": "Repository",
      "Repository": "PPM"
    },
    "readr": {
      "Package": "readr",
      "Version": "2.2.0",
      "Source": "Repository",
      "Repository": "PPM",
      "Requirements": [
        "cli",
        "clipr",
        "crayon",
        "glue",
        "hms",
        "lifecycle",
        "R6",
        "rlang",
        "tibble",
        "vroom",
        "withr",
        "cpp11",
        "tzdb"
      ]
    },
    "renv": {
      "Package": "renv",
      "Version": "1.3.1",
      "Source": "Repository",
      "Repository": "PPM"
    },
    "rlang": {
      "Package": "rlang",
      "Version": "1.3.0",
      "Source": "Repository",
      "Repository": "PPM"
    },
    "rprojroot": {
      "Package": "rprojroot",
      "Version": "2.1.1",
      "Source": "Repository",
      "Repository": "PPM"
    },
    "rsconnect": {
      "Package": "rsconnect",
      "Version": "1.11.2",
      "Source": "Repository",
      "Repository": "PPM",
      "Requirements": [
        "cli",
        "curl",
        "digest",
        "httr2",
        "jsonlite",
        "lifecycle",
        "openssl",
        "packrat",
        "renv",
        "rlang",
        "rstudioapi",
        "snowflakeauth",
        "yaml"
      ]
    },
    "rstudioapi": {
      "Package": "rstudioapi",
      "Version": "0.19.0",
      "Source": "Repository",
      "Repository": "PPM"
    },
    "sass": {
      "Package": "sass",
      "Version": "0.4.10",
      "Source": "Repository",
      "Repository": "PPM",
      "Requirements": [
        "fs",
        "rlang",
        "htmltools",
        "R6",
        "rappdirs"
      ]
    },
    "shiny": {
      "Package": "shiny",
      "Version": "1.14.0",
      "Source": "Repository",
      "Repository": "PPM",
      "Requirements": [
        "bslib",
        "cachem",
        "cli",
        "commonmark",
        "fastmap",
        "fontawesome",
        "glue",
        "htmltools",
        "httpuv",
        "jsonlite",
        "later",
        "lifecycle",
        "mime",
        "otel",
        "promises",
        "R6",
        "rlang",
        "sourcetools",
        "withr",
        "xtable"
      ]
    },
    "shinyreact": {
      "Package": "shinyreact",
      "Version": "0.1.0",
      "Source": "GitHub",
      "RemoteType": "github",
      "RemoteHost": "api.github.com",
      "RemoteRepo": "shinyreact",
      "RemoteUsername": "posit-dev",
      "RemoteSha": "e8812353d5f076f6e98a27a7e210d0a3e177ea1d",
      "RemoteSubdir": "pkg-r",
      "Requirements": [
        "brio",
        "cli",
        "htmltools",
        "jsonlite",
        "rlang",
        "shiny"
      ]
    },
    "snowflakeauth": {
      "Package": "snowflakeauth",
      "Version": "0.3.1",
      "Source": "Repository",
      "Repository": "PPM",
      "Requirements": [
        "cli",
        "curl",
        "jsonlite",
        "RcppTOML",
        "rlang",
        "jose",
        "openssl"
      ]
    },
    "sourcetools": {
      "Package": "sourcetools",
      "Version": "0.1.7-2",
      "Source": "Repository",
      "Repository": "PPM"
    },
    "stringi": {
      "Package": "stringi",
      "Version": "1.8.9",
      "Source": "Repository",
      "Repository": "PPM"
    },
    "stringr": {
      "Package": "stringr",
      "Version": "1.6.0",
      "Source": "Repository",
      "Repository": "PPM",
      "Requirements": [
        "cli",
        "glue",
        "lifecycle",
        "magrittr",
        "rlang",
        "stringi",
        "vctrs"
      ]
    },
    "sys": {
      "Package": "sys",
      "Version": "3.4.3",
      "Source": "Repository",
      "Repository": "PPM"
    },
    "testthat": {
      "Package": "testthat",
      "Version": "3.3.2",
      "Source": "Repository",
      "Repository": "PPM",
      "Requirements": [
        "brio",
        "callr",
        "cli",
        "desc",
        "evaluate",
        "jsonlite",
        "lifecycle",
        "magrittr",
        "pkgload",
        "praise",
        "processx",
        "ps",
        "R6",
        "rlang",
        "waldo",
        "withr"
      ]
    },
    "tibble": {
      "Package": "tibble",
      "Version": "3.3.1",
      "Source": "Repository",
      "Repository": "PPM",
      "Requirements": [
        "cli",
        "lifecycle",
        "magrittr",
        "pillar",
        "pkgconfig",
        "rlang",
        "vctrs"
      ]
    },
    "tidyr": {
      "Package": "tidyr",
      "Version": "1.3.2",
      "Source": "Repository",
      "Repository": "PPM",
      "Requirements": [
        "cli",
        "dplyr",
        "glue",
        "lifecycle",
        "magrittr",
        "purrr",
        "rlang",
        "stringr",
        "tibble",
        "tidyselect",
        "vctrs",
        "cpp11"
      ]
    },
    "tidyselect": {
      "Package": "tidyselect",
      "Version": "1.2.1",
      "Source": "Repository",
      "Repository": "PPM",
      "Requirements": [
        "cli",
        "glue",
        "lifecycle",
        "rlang",
        "vctrs",
        "withr"
      ]
    },
    "timechange": {
      "Package": "timechange",
      "Version": "0.4.0",
      "Source": "Repository",
      "Repository": "PPM",
      "Requirements": [
        "cpp11"
      ]
    },
    "tzdb": {
      "Package": "tzdb",
      "Version": "0.5.0",
      "Source": "Repository",
      "Repository": "PPM",
      "Requirements": [
        "cpp11"
      ]
    },
    "utf8": {
      "Package": "utf8",
      "Version": "1.2.6",
      "Source": "Repository",
      "Repository": "PPM"
    },
    "vctrs": {
      "Package": "vctrs",
      "Version": "0.7.3",
      "Source": "Repository",
      "Repository": "PPM",
      "Requirements": [
        "cli",
        "glue",
        "lifecycle",
        "rlang"
      ]
    },
    "vroom": {
      "Package": "vroom",
      "Version": "1.7.1",
      "Source": "Repository",
      "Repository": "PPM",
      "Requirements": [
        "bit64",
        "cli",
        "crayon",
        "glue",
        "hms",
        "lifecycle",
        "rlang",
        "tibble",
        "tidyselect",
        "tzdb",
        "vctrs",
        "withr",
        "cpp11",
        "progress"
      ]
    },
    "waldo": {
      "Package": "waldo",
      "Version": "0.6.2",
      "Source": "Repository",
      "Repository": "PPM",
      "Requirements": [
        "cli",
        "diffobj",
        "glue",
        "rlang"
      ]
    },
    "withr": {
      "Package": "withr",
      "Version": "3.0.3",
      "Source": "Repository",
      "Repository": "PPM"
    },
    "xtable": {
      "Package": "xtable",
      "Version": "1.8-8",
      "Source": "Repository",
      "Repository": "PPM"
    },
    "yaml": {
      "Package": "yaml",
      "Version": "2.3.12",
      "Source": "Repository",
      "Repository": "PPM"
    }
  }
}